
Microsoft Visual Studio Solution File, Format Version 12.00
# Visual Studio Version 17
VisualStudioVersion = 17.3.32929.385
MinimumVisualStudioVersion = 10.0.40219.1
Project("{9A19103F-16F7-4668-BE54-9A1E7A4F7556}") = "BoardTableInformationBackEnd", "BoardTableInformationBackEnd\BoardTableInformationBackEnd.csproj", "{CAA5FFDC-DFD4-472B-82F6-7E97BDA7CF84}"
EndProject
Project("{9A19103F-16F7-4668-BE54-9A1E7A4F7556}") = "ServiceLayer", "ServiceLayer\ServiceLayer.csproj", "{E4288FFC-8E1A-42D1-8B5F-1F5FCDE4A66F}"
EndProject
Project("{9A19103F-16F7-4668-BE54-9A1E7A4F7556}") = "DataLayer", "DataLayer\DataLayer.csproj", "{01BEF1C7-C2C2-4CF6-B39B-CA86A372B2D6}"
EndProject
Project("{9A19103F-16F7-4668-BE54-9A1E7A4F7556}") = "ModelLayer", "ModelLayer\ModelLayer.csproj", "{1879564A-6D44-4F2D-8BF9-E604A9C884D4}"
EndProject
Project("{FAE04EC0-301F-11D3-BF4B-00C04F79EFBC}") = "UnitTestGameBoardWeb", "UnitTestGameBoardWeb\UnitTestGameBoardWeb.csproj", "{848F8DB0-182A-414F-B306-6EFE19825C63}"
EndProject
Global
	GlobalSection(SolutionConfigurationPlatforms) = preSolution
		Debug|Any CPU = Debug|Any CPU
		Release|Any CPU = Release|Any CPU
	EndGlobalSection
	GlobalSection(ProjectConfigurationPlatforms) = postSolution
		{CAA5FFDC-DFD4-472B-82F6-7E97BDA7CF84}.Debug|Any CPU.ActiveCfg = Debug|Any CPU
		{CAA5FFDC-DFD4-472B-82F6-7E97BDA7CF84}.Debug|Any CPU.Build.0 = Debug|Any CPU
		{CAA5FFDC-DFD4-472B-82F6-7E97BDA7CF84}.Release|Any CPU.ActiveCfg = Release|Any CPU
		{CAA5FFDC-DFD4-472B-82F6-7E97BDA7CF84}.Release|Any CPU.Build.0 = Release|Any CPU
		{E4288FFC-8E1A-42D1-8B5F-1F5FCDE4A66F}.Debug|Any CPU.ActiveCfg = Debug|Any CPU
		{E4288FFC-8E1A-42D1-8B5F-1F5FCDE4A66F}.Debug|Any CPU.Build.0 = Debug|Any CPU
		{E4288FFC-8E1A-42D1-8B5F-1F5FCDE4A66F}.Release|Any CPU.ActiveCfg = Release|Any CPU
		{E4288FFC-8E1A-42D1-8B5F-1F5FCDE4A66F}.Release|Any CPU.Build.0 = Release|Any CPU
		{01BEF1C7-C2C2-4CF6-B39B-CA86A372B2D6}.Debug|Any CPU.ActiveCfg = Debug|Any CPU
		{01BEF1C7-C2C2-4CF6-B39B-CA86A372B2D6}.Debug|Any CPU.Build.0 = Debug|Any CPU
		{01BEF1C7-C2C2-4CF6-B39B-CA86A372B2D6}.Release|Any CPU.ActiveCfg = Release|Any CPU
		{01BEF1C7-C2C2-4CF6-B39B-CA86A372B2D6}.Release|Any CPU.Build.0 = Release|Any CPU
		{1879564A-6D44-4F2D-8BF9-E604A9C884D4}.Debug|Any CPU.ActiveCfg = Debug|Any CPU
		{1879564A-6D44-4F2D-8BF9-E604A9C884D4}.Debug|Any CPU.Build.0 = Debug|Any CPU
		{1879564A-6D44-4F2D-8BF9-E604A9C884D4}.Release|Any CPU.ActiveCfg = Release|Any CPU
		{1879564A-6D44-4F2D-8BF9-E604A9C884D4}.Release|Any CPU.Build.0 = Release|Any CPU
		{848F8DB0-182A-414F-B306-6EFE19825C63}.Debug|Any CPU.ActiveCfg = Debug|Any CPU
		{848F8DB0-182A-414F-B306-6EFE19825C63}.Debug|Any CPU.Build.0 = Debug|Any CPU
		{848F8DB0-182A-414F-B306-6EFE19825C63}.Release|Any CPU.ActiveCfg = Release|Any CPU
		{848F8DB0-182A-414F-B306-6EFE19825C63}.Release|Any CPU.Build.0 = Release|Any CPU
	EndGlobalSection
	GlobalSection(SolutionProperties) = preSolution
		HideSolutionNode = FALSE
	EndGlobalSection
	GlobalSection(ExtensibilityGlobals) = postSolution
		SolutionGuid = {FCA75243-45FD-4998-AF98-8EB4C443AF63}
	EndGlobalSection
EndGlobal
